
Microsoft Visual Studio Solution File, Format Version 12.00
# Visual Studio Version 17
VisualStudioVersion = 17.2.32602.215
MinimumVisualStudioVersion = 10.0.40219.1
Project("{FAE04EC0-301F-11D3-BF4B-00C04F79EFBC}") = "AppBindingCommands.Android", "AppBindingCommands\AppBindingCommands.Android\AppBindingCommands.Android.csproj", "{0F3AA6BB-9E70-4268-9EA9-4D36C1476ED5}"
EndProject
Project("{FAE04EC0-301F-11D3-BF4B-00C04F79EFBC}") = "AppBindingCommands.iOS", "AppBindingCommands\AppBindingCommands.iOS\AppBindingCommands.iOS.csproj", "{835D4E66-A63A-4BD3-AFB5-0FEF5BC561F1}"
EndProject
Project("{FAE04EC0-301F-11D3-BF4B-00C04F79EFBC}") = "AppBindingCommands", "AppBindingCommands\AppBindingCommands\AppBindingCommands.csproj", "{202549D3-EDA5-4413-8F08-0D27D5A501C5}"
EndProject
Global
	GlobalSection(SolutionConfigurationPlatforms) = preSolution
		Debug|Any CPU = Debug|Any CPU
		Debug|iPhone = Debug|iPhone
		Debug|iPhoneSimulator = Debug|iPhoneSimulator
		Release|Any CPU = Release|Any CPU
		Release|iPhone = Release|iPhone
		Release|iPhoneSimulator = Release|iPhoneSimulator
	EndGlobalSection
	GlobalSection(ProjectConfigurationPlatforms) = postSolution
		{0F3AA6BB-9E70-4268-9EA9-4D36C1476ED5}.Debug|Any CPU.ActiveCfg = Debug|Any CPU
		{0F3AA6BB-9E70-4268-9EA9-4D36C1476ED5}.Debug|Any CPU.Build.0 = Debug|Any CPU
		{0F3AA6BB-9E70-4268-9EA9-4D36C1476ED5}.Debug|Any CPU.Deploy.0 = Debug|Any CPU
		{0F3AA6BB-9E70-4268-9EA9-4D36C1476ED5}.Debug|iPhone.ActiveCfg = Debug|Any CPU
		{0F3AA6BB-9E70-4268-9EA9-4D36C1476ED5}.Debug|iPhone.Build.0 = Debug|Any CPU
		{0F3AA6BB-9E70-4268-9EA9-4D36C1476ED5}.Debug|iPhone.Deploy.0 = Debug|Any CPU
		{0F3AA6BB-9E70-4268-9EA9-4D36C1476ED5}.Debug|iPhoneSimulator.ActiveCfg = Debug|Any CPU
		{0F3AA6BB-9E70-4268-9EA9-4D36C1476ED5}.Debug|iPhoneSimulator.Build.0 = Debug|Any CPU
		{0F3AA6BB-9E70-4268-9EA9-4D36C1476ED5}.Debug|iPhoneSimulator.Deploy.0 = Debug|Any CPU
		{0F3AA6BB-9E70-4268-9EA9-4D36C1476ED5}.Release|Any CPU.ActiveCfg = Release|Any CPU
		{0F3AA6BB-9E70-4268-9EA9-4D36C1476ED5}.Release|Any CPU.Build.0 = Release|Any CPU
		{0F3AA6BB-9E70-4268-9EA9-4D36C1476ED5}.Release|Any CPU.Deploy.0 = Release|Any CPU
		{0F3AA6BB-9E70-4268-9EA9-4D36C1476ED5}.Release|iPhone.ActiveCfg = Release|Any CPU
		{0F3AA6BB-9E70-4268-9EA9-4D36C1476ED5}.Release|iPhone.Build.0 = Release|Any CPU
		{0F3AA6BB-9E70-4268-9EA9-4D36C1476ED5}.Release|iPhone.Deploy.0 = Release|Any CPU
		{0F3AA6BB-9E70-4268-9EA9-4D36C1476ED5}.Release|iPhoneSimulator.ActiveCfg = Release|Any CPU
		{0F3AA6BB-9E70-4268-9EA9-4D36C1476ED5}.Release|iPhoneSimulator.Build.0 = Release|Any CPU
		{0F3AA6BB-9E70-4268-9EA9-4D36C1476ED5}.Release|iPhoneSimulator.Deploy.0 = Release|Any CPU
		{835D4E66-A63A-4BD3-AFB5-0FEF5BC561F1}.Debug|Any CPU.ActiveCfg = Debug|iPhone
		{835D4E66-A63A-4BD3-AFB5-0FEF5BC561F1}.Debug|Any CPU.Build.0 = Debug|iPhone
		{835D4E66-A63A-4BD3-AFB5-0FEF5BC561F1}.Debug|Any CPU.Deploy.0 = Debug|iPhone
		{835D4E66-A63A-4BD3-AFB5-0FEF5BC561F1}.Debug|iPhone.ActiveCfg = Debug|iPhone
		{835D4E66-A63A-4BD3-AFB5-0FEF5BC561F1}.Debug|iPhone.Build.0 = Debug|iPhone
		{835D4E66-A63A-4BD3-AFB5-0FEF5BC561F1}.Debug|iPhone.Deploy.0 = Debug|iPhone
		{835D4E66-A63A-4BD3-AFB5-0FEF5BC561F1}.Debug|iPhoneSimulator.ActiveCfg = Debug|iPhoneSimulator
		{835D4E66-A63A-4BD3-AFB5-0FEF5BC561F1}.Debug|iPhoneSimulator.Build.0 = Debug|iPhoneSimulator
		{835D4E66-A63A-4BD3-AFB5-0FEF5BC561F1}.Debug|iPhoneSimulator.Deploy.0 = Debug|iPhoneSimulator
		{835D4E66-A63A-4BD3-AFB5-0FEF5BC561F1}.Release|Any CPU.ActiveCfg = Release|iPhoneSimulator
		{835D4E66-A63A-4BD3-AFB5-0FEF5BC561F1}.Release|Any CPU.Build.0 = Release|iPhoneSimulator
		{835D4E66-A63A-4BD3-AFB5-0FEF5BC561F1}.Release|Any CPU.Deploy.0 = Release|iPhoneSimulator
		{835D4E66-A63A-4BD3-AFB5-0FEF5BC561F1}.Release|iPhone.ActiveCfg = Release|iPhone
		{835D4E66-A63A-4BD3-AFB5-0FEF5BC561F1}.Release|iPhone.Build.0 = Release|iPhone
		{835D4E66-A63A-4BD3-AFB5-0FEF5BC561F1}.Release|iPhone.Deploy.0 = Release|iPhone
		{835D4E66-A63A-4BD3-AFB5-0FEF5BC561F1}.Release|iPhoneSimulator.ActiveCfg = Release|iPhoneSimulator
		{835D4E66-A63A-4BD3-AFB5-0FEF5BC561F1}.Release|iPhoneSimulator.Build.0 = Release|iPhoneSimulator
		{835D4E66-A63A-4BD3-AFB5-0FEF5BC561F1}.Release|iPhoneSimulator.Deploy.0 = Release|iPhoneSimulator
		{202549D3-EDA5-4413-8F08-0D27D5A501C5}.Debug|Any CPU.ActiveCfg = Debug|Any CPU
		{202549D3-EDA5-4413-8F08-0D27D5A501C5}.Debug|Any CPU.Build.0 = Debug|Any CPU
		{202549D3-EDA5-4413-8F08-0D27D5A501C5}.Debug|Any CPU.Deploy.0 = Debug|Any CPU
		{202549D3-EDA5-4413-8F08-0D27D5A501C5}.Debug|iPhone.ActiveCfg = Debug|Any CPU
		{202549D3-EDA5-4413-8F08-0D27D5A501C5}.Debug|iPhone.Build.0 = Debug|Any CPU
		{202549D3-EDA5-4413-8F08-0D27D5A501C5}.Debug|iPhone.Deploy.0 = Debug|Any CPU
		{202549D3-EDA5-4413-8F08-0D27D5A501C5}.Debug|iPhoneSimulator.ActiveCfg = Debug|Any CPU
		{202549D3-EDA5-4413-8F08-0D27D5A501C5}.Debug|iPhoneSimulator.Build.0 = Debug|Any CPU
		{202549D3-EDA5-4413-8F08-0D27D5A501C5}.Debug|iPhoneSimulator.Deploy.0 = Debug|Any CPU
		{202549D3-EDA5-4413-8F08-0D27D5A501C5}.Release|Any CPU.ActiveCfg = Release|Any CPU
		{202549D3-EDA5-4413-8F08-0D27D5A501C5}.Release|Any CPU.Build.0 = Release|Any CPU
		{202549D3-EDA5-4413-8F08-0D27D5A501C5}.Release|Any CPU.Deploy.0 = Release|Any CPU
		{202549D3-EDA5-4413-8F08-0D27D5A501C5}.Release|iPhone.ActiveCfg = Release|Any CPU
		{202549D3-EDA5-4413-8F08-0D27D5A501C5}.Release|iPhone.Build.0 = Release|Any CPU
		{202549D3-EDA5-4413-8F08-0D27D5A501C5}.Release|iPhone.Deploy.0 = Release|Any CPU
		{202549D3-EDA5-4413-8F08-0D27D5A501C5}.Release|iPhoneSimulator.ActiveCfg = Release|Any CPU
		{202549D3-EDA5-4413-8F08-0D27D5A501C5}.Release|iPhoneSimulator.Build.0 = Release|Any CPU
		{202549D3-EDA5-4413-8F08-0D27D5A501C5}.Release|iPhoneSimulator.Deploy.0 = Release|Any CPU
	EndGlobalSection
	GlobalSection(SolutionProperties) = preSolution
		HideSolutionNode = FALSE
	EndGlobalSection
	GlobalSection(ExtensibilityGlobals) = postSolution
		SolutionGuid = {A086B4B3-3C0C-4661-BA55-930E089E9412}
	EndGlobalSection
EndGlobal
